
Microsoft Visual Studio Solution File, Format Version 12.00
# Visual Studio Version 16
VisualStudioVersion = 16.0.28803.156
MinimumVisualStudioVersion = 10.0.40219.1
Project("{FAE04EC0-301F-11D3-BF4B-00C04F79EFBC}") = "Spice", "Spice\Spice.csproj", "{AD8C02B9-8884-4C27-B4C4-85190B58BB6E}"
EndProject
Global
	GlobalSection(SolutionConfigurationPlatforms) = preSolution
		Debug|Any CPU = Debug|Any CPU
		Release|Any CPU = Release|Any CPU
	EndGlobalSection
	GlobalSection(ProjectConfigurationPlatforms) = postSolution
		{AD8C02B9-8884-4C27-B4C4-85190B58BB6E}.Debug|Any CPU.ActiveCfg = Debug|Any CPU
		{AD8C02B9-8884-4C27-B4C4-85190B58BB6E}.Debug|Any CPU.Build.0 = Debug|Any CPU
		{AD8C02B9-8884-4C27-B4C4-85190B58BB6E}.Release|Any CPU.ActiveCfg = Release|Any CPU
		{AD8C02B9-8884-4C27-B4C4-85190B58BB6E}.Release|Any CPU.Build.0 = Release|Any CPU
	EndGlobalSection
	GlobalSection(SolutionProperties) = preSolution
		HideSolutionNode = FALSE
	EndGlobalSection
	GlobalSection(ExtensibilityGlobals) = postSolution
		SolutionGuid = {34F16C4D-13CB-4F45-9C8D-33562927290E}
	EndGlobalSection
EndGlobal
